
Microsoft Visual Studio Solution File, Format Version 12.00
# Visual Studio Version 16
VisualStudioVersion = 16.0.31205.134
MinimumVisualStudioVersion = 10.0.40219.1
Project("{FAE04EC0-301F-11D3-BF4B-00C04F79EFBC}") = "SaleManagement", "SaleManagement\SaleManagement.csproj", "{C7E23EB5-3811-4813-B4FE-445DE05B7071}"
EndProject
Global
	GlobalSection(SolutionConfigurationPlatforms) = preSolution
		Debug|Any CPU = Debug|Any CPU
		Release|Any CPU = Release|Any CPU
	EndGlobalSection
	GlobalSection(ProjectConfigurationPlatforms) = postSolution
		{C7E23EB5-3811-4813-B4FE-445DE05B7071}.Debug|Any CPU.ActiveCfg = Debug|Any CPU
		{C7E23EB5-3811-4813-B4FE-445DE05B7071}.Debug|Any CPU.Build.0 = Debug|Any CPU
		{C7E23EB5-3811-4813-B4FE-445DE05B7071}.Release|Any CPU.ActiveCfg = Release|Any CPU
		{C7E23EB5-3811-4813-B4FE-445DE05B7071}.Release|Any CPU.Build.0 = Release|Any CPU
	EndGlobalSection
	GlobalSection(SolutionProperties) = preSolution
		HideSolutionNode = FALSE
	EndGlobalSection
	GlobalSection(ExtensibilityGlobals) = postSolution
		SolutionGuid = {BEDE48EC-64CC-4BFE-8ABD-BED7C172EBFC}
	EndGlobalSection
EndGlobal
